
Microsoft Visual Studio Solution File, Format Version 12.00
# Visual Studio 15
VisualStudioVersion = 15.0.26430.15
MinimumVisualStudioVersion = 10.0.40219.1
Project("{FAE04EC0-301F-11D3-BF4B-00C04F79EFBC}") = "Activity.Core", "src\Activity.Core\Activity.Core.csproj", "{42EDC99C-97C8-4207-B102-8FBDD58EE627}"
EndProject
Project("{FAE04EC0-301F-11D3-BF4B-00C04F79EFBC}") = "Activity.UI", "src\Activity.UI\Activity.UI.csproj", "{B8F76476-7317-4C6D-BA3F-C2DA3DAE3DF1}"
EndProject
Project("{FAE04EC0-301F-11D3-BF4B-00C04F79EFBC}") = "Activity.TestConsole", "src\Activity.TestConsole\Activity.TestConsole.csproj", "{BFD4B07C-5B8D-4E1A-BAC5-E6E102721C2D}"
EndProject
Project("{2150E333-8FDC-42A3-9474-1A3956D46DE8}") = "Old", "Old", "{8B1E52E9-4989-4C1F-9F91-96D3FF9217D2}"
EndProject
Project("{FAE04EC0-301F-11D3-BF4B-00C04F79EFBC}") = "Neptuo.Productivity.ActivityLog", "src\Neptuo.Productivity.ActivityLog\Neptuo.Productivity.ActivityLog.csproj", "{3870BD7F-5139-49A0-879B-D6637591BEED}"
EndProject
Project("{FAE04EC0-301F-11D3-BF4B-00C04F79EFBC}") = "Neptuo.Productivity.ActivityLog.UI", "src\Neptuo.Productivity.ActivityLog.UI\Neptuo.Productivity.ActivityLog.UI.csproj", "{878E0D6B-7D54-4ABB-8DFE-2C7EBB86BC89}"
EndProject
Project("{FAE04EC0-301F-11D3-BF4B-00C04F79EFBC}") = "Neptuo.Productivity.ActivityLog.Events", "src\Neptuo.Productivity.ActivityLog.Events\Neptuo.Productivity.ActivityLog.Events.csproj", "{AEC535C4-6EC2-4DF2-A238-7E430D6A839F}"
EndProject
Project("{FAE04EC0-301F-11D3-BF4B-00C04F79EFBC}") = "Neptuo.Productivity.ActivityLog.Cli", "src\Neptuo.Productivity.ActivityLog.Cli\Neptuo.Productivity.ActivityLog.Cli.csproj", "{65378ACE-32BE-46A2-B313-2D25CD03630D}"
EndProject
Global
	GlobalSection(SolutionConfigurationPlatforms) = preSolution
		Debug|Any CPU = Debug|Any CPU
		Debug|x64 = Debug|x64
		Release|Any CPU = Release|Any CPU
		Release|x64 = Release|x64
	EndGlobalSection
	GlobalSection(ProjectConfigurationPlatforms) = postSolution
		{42EDC99C-97C8-4207-B102-8FBDD58EE627}.Debug|Any CPU.ActiveCfg = Debug|Any CPU
		{42EDC99C-97C8-4207-B102-8FBDD58EE627}.Debug|Any CPU.Build.0 = Debug|Any CPU
		{42EDC99C-97C8-4207-B102-8FBDD58EE627}.Debug|x64.ActiveCfg = Debug|x64
		{42EDC99C-97C8-4207-B102-8FBDD58EE627}.Release|Any CPU.ActiveCfg = Release|Any CPU
		{42EDC99C-97C8-4207-B102-8FBDD58EE627}.Release|Any CPU.Build.0 = Release|Any CPU
		{42EDC99C-97C8-4207-B102-8FBDD58EE627}.Release|x64.ActiveCfg = Release|x64
		{42EDC99C-97C8-4207-B102-8FBDD58EE627}.Release|x64.Build.0 = Release|x64
		{B8F76476-7317-4C6D-BA3F-C2DA3DAE3DF1}.Debug|Any CPU.ActiveCfg = Debug|Any CPU
		{B8F76476-7317-4C6D-BA3F-C2DA3DAE3DF1}.Debug|Any CPU.Build.0 = Debug|Any CPU
		{B8F76476-7317-4C6D-BA3F-C2DA3DAE3DF1}.Debug|x64.ActiveCfg = Debug|x64
		{B8F76476-7317-4C6D-BA3F-C2DA3DAE3DF1}.Release|Any CPU.ActiveCfg = Release|Any CPU
		{B8F76476-7317-4C6D-BA3F-C2DA3DAE3DF1}.Release|Any CPU.Build.0 = Release|Any CPU
		{B8F76476-7317-4C6D-BA3F-C2DA3DAE3DF1}.Release|x64.ActiveCfg = Release|x64
		{B8F76476-7317-4C6D-BA3F-C2DA3DAE3DF1}.Release|x64.Build.0 = Release|x64
		{BFD4B07C-5B8D-4E1A-BAC5-E6E102721C2D}.Debug|Any CPU.ActiveCfg = Debug|Any CPU
		{BFD4B07C-5B8D-4E1A-BAC5-E6E102721C2D}.Debug|Any CPU.Build.0 = Debug|Any CPU
		{BFD4B07C-5B8D-4E1A-BAC5-E6E102721C2D}.Debug|x64.ActiveCfg = Debug|x64
		{BFD4B07C-5B8D-4E1A-BAC5-E6E102721C2D}.Release|Any CPU.ActiveCfg = Release|Any CPU
		{BFD4B07C-5B8D-4E1A-BAC5-E6E102721C2D}.Release|Any CPU.Build.0 = Release|Any CPU
		{BFD4B07C-5B8D-4E1A-BAC5-E6E102721C2D}.Release|x64.ActiveCfg = Release|x64
		{BFD4B07C-5B8D-4E1A-BAC5-E6E102721C2D}.Release|x64.Build.0 = Release|x64
		{3870BD7F-5139-49A0-879B-D6637591BEED}.Debug|Any CPU.ActiveCfg = Debug|Any CPU
		{3870BD7F-5139-49A0-879B-D6637591BEED}.Debug|Any CPU.Build.0 = Debug|Any CPU
		{3870BD7F-5139-49A0-879B-D6637591BEED}.Debug|x64.ActiveCfg = Debug|x64
		{3870BD7F-5139-49A0-879B-D6637591BEED}.Debug|x64.Build.0 = Debug|x64
		{3870BD7F-5139-49A0-879B-D6637591BEED}.Release|Any CPU.ActiveCfg = Release|Any CPU
		{3870BD7F-5139-49A0-879B-D6637591BEED}.Release|Any CPU.Build.0 = Release|Any CPU
		{3870BD7F-5139-49A0-879B-D6637591BEED}.Release|x64.ActiveCfg = Release|x64
		{3870BD7F-5139-49A0-879B-D6637591BEED}.Release|x64.Build.0 = Release|x64
		{878E0D6B-7D54-4ABB-8DFE-2C7EBB86BC89}.Debug|Any CPU.ActiveCfg = Debug|Any CPU
		{878E0D6B-7D54-4ABB-8DFE-2C7EBB86BC89}.Debug|Any CPU.Build.0 = Debug|Any CPU
		{878E0D6B-7D54-4ABB-8DFE-2C7EBB86BC89}.Debug|x64.ActiveCfg = Debug|x64
		{878E0D6B-7D54-4ABB-8DFE-2C7EBB86BC89}.Debug|x64.Build.0 = Debug|x64
		{878E0D6B-7D54-4ABB-8DFE-2C7EBB86BC89}.Release|Any CPU.ActiveCfg = Release|Any CPU
		{878E0D6B-7D54-4ABB-8DFE-2C7EBB86BC89}.Release|Any CPU.Build.0 = Release|Any CPU
		{878E0D6B-7D54-4ABB-8DFE-2C7EBB86BC89}.Release|x64.ActiveCfg = Release|x64
		{878E0D6B-7D54-4ABB-8DFE-2C7EBB86BC89}.Release|x64.Build.0 = Release|x64
		{AEC535C4-6EC2-4DF2-A238-7E430D6A839F}.Debug|Any CPU.ActiveCfg = Debug|Any CPU
		{AEC535C4-6EC2-4DF2-A238-7E430D6A839F}.Debug|Any CPU.Build.0 = Debug|Any CPU
		{AEC535C4-6EC2-4DF2-A238-7E430D6A839F}.Debug|x64.ActiveCfg = Debug|x64
		{AEC535C4-6EC2-4DF2-A238-7E430D6A839F}.Debug|x64.Build.0 = Debug|x64
		{AEC535C4-6EC2-4DF2-A238-7E430D6A839F}.Release|Any CPU.ActiveCfg = Release|Any CPU
		{AEC535C4-6EC2-4DF2-A238-7E430D6A839F}.Release|Any CPU.Build.0 = Release|Any CPU
		{AEC535C4-6EC2-4DF2-A238-7E430D6A839F}.Release|x64.ActiveCfg = Release|x64
		{AEC535C4-6EC2-4DF2-A238-7E430D6A839F}.Release|x64.Build.0 = Release|x64
		{65378ACE-32BE-46A2-B313-2D25CD03630D}.Debug|Any CPU.ActiveCfg = Debug|Any CPU
		{65378ACE-32BE-46A2-B313-2D25CD03630D}.Debug|Any CPU.Build.0 = Debug|Any CPU
		{65378ACE-32BE-46A2-B313-2D25CD03630D}.Debug|x64.ActiveCfg = Debug|x64
		{65378ACE-32BE-46A2-B313-2D25CD03630D}.Debug|x64.Build.0 = Debug|x64
		{65378ACE-32BE-46A2-B313-2D25CD03630D}.Release|Any CPU.ActiveCfg = Release|Any CPU
		{65378ACE-32BE-46A2-B313-2D25CD03630D}.Release|Any CPU.Build.0 = Release|Any CPU
		{65378ACE-32BE-46A2-B313-2D25CD03630D}.Release|x64.ActiveCfg = Release|x64
		{65378ACE-32BE-46A2-B313-2D25CD03630D}.Release|x64.Build.0 = Release|x64
	EndGlobalSection
	GlobalSection(SolutionProperties) = preSolution
		HideSolutionNode = FALSE
	EndGlobalSection
	GlobalSection(NestedProjects) = preSolution
		{42EDC99C-97C8-4207-B102-8FBDD58EE627} = {8B1E52E9-4989-4C1F-9F91-96D3FF9217D2}
		{B8F76476-7317-4C6D-BA3F-C2DA3DAE3DF1} = {8B1E52E9-4989-4C1F-9F91-96D3FF9217D2}
		{BFD4B07C-5B8D-4E1A-BAC5-E6E102721C2D} = {8B1E52E9-4989-4C1F-9F91-96D3FF9217D2}
	EndGlobalSection
	GlobalSection(ExtensibilityGlobals) = postSolution
		VisualSVNWorkingCopyRoot = .
	EndGlobalSection
EndGlobal
